
Microsoft Visual Studio Solution File, Format Version 12.00
# Visual Studio Version 17
VisualStudioVersion = 17.11.35312.102
MinimumVisualStudioVersion = 10.0.40219.1
Project("{FAE04EC0-301F-11D3-BF4B-00C04F79EFBC}") = "LumiaFixer", "LumiaFixer\LumiaFixer.csproj", "{019F5D61-ABD5-49A8-999C-BD217A323362}"
EndProject
Global
	GlobalSection(SolutionConfigurationPlatforms) = preSolution
		Debug|Any CPU = Debug|Any CPU
		Release|Any CPU = Release|Any CPU
	EndGlobalSection
	GlobalSection(ProjectConfigurationPlatforms) = postSolution
		{019F5D61-ABD5-49A8-999C-BD217A323362}.Debug|Any CPU.ActiveCfg = Debug|Any CPU
		{019F5D61-ABD5-49A8-999C-BD217A323362}.Debug|Any CPU.Build.0 = Debug|Any CPU
		{019F5D61-ABD5-49A8-999C-BD217A323362}.Release|Any CPU.ActiveCfg = Release|Any CPU
		{019F5D61-ABD5-49A8-999C-BD217A323362}.Release|Any CPU.Build.0 = Release|Any CPU
	EndGlobalSection
	GlobalSection(SolutionProperties) = preSolution
		HideSolutionNode = FALSE
	EndGlobalSection
	GlobalSection(ExtensibilityGlobals) = postSolution
		SolutionGuid = {FAD52D5B-71D9-42A5-9EAE-9A6FA6BAE682}
	EndGlobalSection
EndGlobal
